
Microsoft Visual Studio Solution File, Format Version 12.00
# Visual Studio Version 17
VisualStudioVersion = 17.8.34330.188
MinimumVisualStudioVersion = 10.0.40219.1
Project("{2150E333-8FDC-42A3-9474-1A3956D46DE8}") = "Services", "Services", "{CF1657CD-8A62-4E12-A954-12D05A388D7B}"
EndProject
Project("{2150E333-8FDC-42A3-9474-1A3956D46DE8}") = "Catalog", "Catalog", "{85AFCBEC-81C0-42A2-9C67-062F20C33AE1}"
EndProject
Project("{FAE04EC0-301F-11D3-BF4B-00C04F79EFBC}") = "Catalog.API", "Services\Catalog\Catalog.API\Catalog.API.csproj", "{58F3CB72-1B5C-499C-8852-3D205B58160C}"
EndProject
Global
	GlobalSection(SolutionConfigurationPlatforms) = preSolution
		Debug|Any CPU = Debug|Any CPU
		Release|Any CPU = Release|Any CPU
	EndGlobalSection
	GlobalSection(ProjectConfigurationPlatforms) = postSolution
		{58F3CB72-1B5C-499C-8852-3D205B58160C}.Debug|Any CPU.ActiveCfg = Debug|Any CPU
		{58F3CB72-1B5C-499C-8852-3D205B58160C}.Debug|Any CPU.Build.0 = Debug|Any CPU
		{58F3CB72-1B5C-499C-8852-3D205B58160C}.Release|Any CPU.ActiveCfg = Release|Any CPU
		{58F3CB72-1B5C-499C-8852-3D205B58160C}.Release|Any CPU.Build.0 = Release|Any CPU
	EndGlobalSection
	GlobalSection(SolutionProperties) = preSolution
		HideSolutionNode = FALSE
	EndGlobalSection
	GlobalSection(NestedProjects) = preSolution
		{85AFCBEC-81C0-42A2-9C67-062F20C33AE1} = {CF1657CD-8A62-4E12-A954-12D05A388D7B}
		{58F3CB72-1B5C-499C-8852-3D205B58160C} = {85AFCBEC-81C0-42A2-9C67-062F20C33AE1}
	EndGlobalSection
	GlobalSection(ExtensibilityGlobals) = postSolution
		SolutionGuid = {72ABB391-9CFF-48D0-96A5-976669660FB5}
	EndGlobalSection
EndGlobal
